
Microsoft Visual Studio Solution File, Format Version 12.00
# Visual Studio Version 17
VisualStudioVersion = 17.9.34607.119
MinimumVisualStudioVersion = 10.0.40219.1
Project("{FAE04EC0-301F-11D3-BF4B-00C04F79EFBC}") = "OOP_Laba4", "OOP_Laba4\OOP_Laba4.csproj", "{796B0D52-EE02-40D2-B55F-1438A5562302}"
EndProject
Global
	GlobalSection(SolutionConfigurationPlatforms) = preSolution
		Debug|Any CPU = Debug|Any CPU
		Release|Any CPU = Release|Any CPU
	EndGlobalSection
	GlobalSection(ProjectConfigurationPlatforms) = postSolution
		{796B0D52-EE02-40D2-B55F-1438A5562302}.Debug|Any CPU.ActiveCfg = Debug|Any CPU
		{796B0D52-EE02-40D2-B55F-1438A5562302}.Debug|Any CPU.Build.0 = Debug|Any CPU
		{796B0D52-EE02-40D2-B55F-1438A5562302}.Release|Any CPU.ActiveCfg = Release|Any CPU
		{796B0D52-EE02-40D2-B55F-1438A5562302}.Release|Any CPU.Build.0 = Release|Any CPU
	EndGlobalSection
	GlobalSection(SolutionProperties) = preSolution
		HideSolutionNode = FALSE
	EndGlobalSection
	GlobalSection(ExtensibilityGlobals) = postSolution
		SolutionGuid = {DFBA45C9-324E-4484-BC5B-2B4AC2E2D0C8}
	EndGlobalSection
EndGlobal
